// !$*UTF8*$!
{
	archiveVersion = 1;
	classes = {
	};
	objectVersion = 46;
	objects = {

/* Begin PBXBuildFile section */
		D1FCE79E1627EA0000334EF1 /* UIKit.framework in Frameworks */ = {isa = PBXBuildFile; fileRef = D1FCE79D1627EA0000334EF1 /* UIKit.framework */; };
		D1FCE7A01627EA0000334EF1 /* Foundation.framework in Frameworks */ = {isa = PBXBuildFile; fileRef = D1FCE79F1627EA0000334EF1 /* Foundation.framework */; };
		D1FCE7A21627EA0000334EF1 /* CoreGraphics.framework in Frameworks */ = {isa = PBXBuildFile; fileRef = D1FCE7A11627EA0000334EF1 /* CoreGraphics.framework */; };
		D1FCE7A81627EA0000334EF1 /* InfoPlist.strings in Resources */ = {isa = PBXBuildFile; fileRef = D1FCE7A61627EA0000334EF1 /* InfoPlist.strings */; };
		D1FCE7AA1627EA0000334EF1 /* main.m in Sources */ = {isa = PBXBuildFile; fileRef = D1FCE7A91627EA0000334EF1 /* main.m */; };
		D1FCE7AE1627EA0000334EF1 /* AppDelegate.m in Sources */ = {isa = PBXBuildFile; fileRef = D1FCE7AD1627EA0000334EF1 /* AppDelegate.m */; };
		D1FCE7B01627EA0000334EF1 /* Default.png in Resources */ = {isa = PBXBuildFile; fileRef = D1FCE7AF1627EA0000334EF1 /* Default.png */; };
		D1FCE7B21627EA0000334EF1 /* Default@2x.png in Resources */ = {isa = PBXBuildFile; fileRef = D1FCE7B11627EA0000334EF1 /* Default@2x.png */; };
		D1FCE7B41627EA0000334EF1 /* Default-568h@2x.png in Resources */ = {isa = PBXBuildFile; fileRef = D1FCE7B31627EA0000334EF1 /* Default-568h@2x.png */; };
		D1FCE7C01627EAD100334EF1 /* RootViewController.m in Sources */ = {isa = PBXBuildFile; fileRef = D1FCE7BF1627EAD100334EF1 /* RootViewController.m */; };
/* End PBXBuildFile section */

/* Begin PBXFileReference section */
		D1FCE7991627EA0000334EF1 /* HelloWorld.app */ = {isa = PBXFileReference; explicitFileType = wrapper.application; includeInIndex = 0; path = HelloWorld.app; sourceTree = BUILT_PRODUCTS_DIR; };
		D1FCE79D1627EA0000334EF1 /* UIKit.framework */ = {isa = PBXFileReference; lastKnownFileType = wrapper.framework; name = UIKit.framework; path = System/Library/Frameworks/UIKit.framework; sourceTree = SDKROOT; };
		D1FCE79F1627EA0000334EF1 /* Foundation.framework */ = {isa = PBXFileReference; lastKnownFileType = wrapper.framework; name = Foundation.framework; path = System/Library/Frameworks/Foundation.framework; sourceTree = SDKROOT; };
		D1FCE7A11627EA0000334EF1 /* CoreGraphics.framework */ = {isa = PBXFileReference; lastKnownFileType = wrapper.framework; name = CoreGraphics.framework; path = System/Library/Frameworks/CoreGraphics.framework; sourceTree = SDKROOT; };
		D1FCE7A51627EA0000334EF1 /* HelloWorld-Info.plist */ = {isa = PBXFileReference; lastKnownFileType = text.plist.xml; path = "HelloWorld-Info.plist"; sourceTree = "<group>"; };
		D1FCE7A71627EA0000334EF1 /* en */ = {isa = PBXFileReference; lastKnownFileType = text.plist.strings; name = en; path = en.lproj/InfoPlist.strings; sourceTree = "<group>"; };
		D1FCE7A91627EA0000334EF1 /* main.m */ = {isa = PBXFileReference; lastKnownFileType = sourcecode.c.objc; path = main.m; sourceTree = "<group>"; };
		D1FCE7AB1627EA0000334EF1 /* HelloWorld-Prefix.pch */ = {isa = PBXFileReference; lastKnownFileType = sourcecode.c.h; path = "HelloWorld-Prefix.pch"; sourceTree = "<group>"; };
		D1FCE7AC1627EA0000334EF1 /* AppDelegate.h */ = {isa = PBXFileReference; lastKnownFileType = sourcecode.c.h; path = AppDelegate.h; sourceTree = "<group>"; };
		D1FCE7AD1627EA0000334EF1 /* AppDelegate.m */ = {isa = PBXFileReference; lastKnownFileType = sourcecode.c.objc; path = AppDelegate.m; sourceTree = "<group>"; };
		D1FCE7AF1627EA0000334EF1 /* Default.png */ = {isa = PBXFileReference; lastKnownFileType = image.png; path = Default.png; sourceTree = "<group>"; };
		D1FCE7B11627EA0000334EF1 /* Default@2x.png */ = {isa = PBXFileReference; lastKnownFileType = image.png; path = "Default@2x.png"; sourceTree = "<group>"; };
		D1FCE7B31627EA0000334EF1 /* Default-568h@2x.png */ = {isa = PBXFileReference; lastKnownFileType = image.png; path = "Default-568h@2x.png"; sourceTree = "<group>"; };
		D1FCE7BE1627EAD100334EF1 /* RootViewController.h */ = {isa = PBXFileReference; fileEncoding = 4; lastKnownFileType = sourcecode.c.h; path = RootViewController.h; sourceTree = "<group>"; };
		D1FCE7BF1627EAD100334EF1 /* RootViewController.m */ = {isa = PBXFileReference; fileEncoding = 4; lastKnownFileType = sourcecode.c.objc; path = RootViewController.m; sourceTree = "<group>"; };
/* End PBXFileReference section */

/* Begin PBXFrameworksBuildPhase section */
		D1FCE7961627EA0000334EF1 /* Frameworks */ = {
			isa = PBXFrameworksBuildPhase;
			buildActionMask = 2147483647;
			files = (
				D1FCE79E1627EA0000334EF1 /* UIKit.framework in Frameworks */,
				D1FCE7A01627EA0000334EF1 /* Foundation.framework in Frameworks */,
				D1FCE7A21627EA0000334EF1 /* CoreGraphics.framework in Frameworks */,
			);
			runOnlyForDeploymentPostprocessing = 0;
		};
/* End PBXFrameworksBuildPhase section */

/* Begin PBXGroup section */
		D1FCE78E1627EA0000334EF1 = {
			isa = PBXGroup;
			children = (
				D1FCE7A31627EA0000334EF1 /* HelloWorld */,
				D1FCE79C1627EA0000334EF1 /* Frameworks */,
				D1FCE79A1627EA0000334EF1 /* Products */,
			);
			sourceTree = "<group>";
		};
		D1FCE79A1627EA0000334EF1 /* Products */ = {
			isa = PBXGroup;
			children = (
				D1FCE7991627EA0000334EF1 /* HelloWorld.app */,
			);
			name = Products;
			sourceTree = "<group>";
		};
		D1FCE79C1627EA0000334EF1 /* Frameworks */ = {
			isa = PBXGroup;
			children = (
				D1FCE79D1627EA0000334EF1 /* UIKit.framework */,
				D1FCE79F1627EA0000334EF1 /* Foundation.framework */,
				D1FCE7A11627EA0000334EF1 /* CoreGraphics.framework */,
			);
			name = Frameworks;
			sourceTree = "<group>";
		};
		D1FCE7A31627EA0000334EF1 /* HelloWorld */ = {
			isa = PBXGroup;
			children = (
				D1FCE7AC1627EA0000334EF1 /* AppDelegate.h */,
				D1FCE7AD1627EA0000334EF1 /* AppDelegate.m */,
				D1FCE7A41627EA0000334EF1 /* Supporting Files */,
				D1FCE7BE1627EAD100334EF1 /* RootViewController.h */,
				D1FCE7BF1627EAD100334EF1 /* RootViewController.m */,
			);
			path = HelloWorld;
			sourceTree = "<group>";
		};
		D1FCE7A41627EA0000334EF1 /* Supporting Files */ = {
			isa = PBXGroup;
			children = (
				D1FCE7A51627EA0000334EF1 /* HelloWorld-Info.plist */,
				D1FCE7A61627EA0000334EF1 /* InfoPlist.strings */,
				D1FCE7A91627EA0000334EF1 /* main.m */,
				D1FCE7AB1627EA0000334EF1 /* HelloWorld-Prefix.pch */,
				D1FCE7AF1627EA0000334EF1 /* Default.png */,
				D1FCE7B11627EA0000334EF1 /* Default@2x.png */,
				D1FCE7B31627EA0000334EF1 /* Default-568h@2x.png */,
			);
			name = "Supporting Files";
			sourceTree = "<group>";
		};
/* End PBXGroup section */

/* Begin PBXNativeTarget section */
		D1FCE7981627EA0000334EF1 /* HelloWorld */ = {
			isa = PBXNativeTarget;
			buildConfigurationList = D1FCE7B71627EA0000334EF1 /* Build configuration list for PBXNativeTarget "HelloWorld" */;
			buildPhases = (
				D1FCE7951627EA0000334EF1 /* Sources */,
				D1FCE7961627EA0000334EF1 /* Frameworks */,
				D1FCE7971627EA0000334EF1 /* Resources */,
			);
			buildRules = (
			);
			dependencies = (
			);
			name = HelloWorld;
			productName = HelloWorld;
			productReference = D1FCE7991627EA0000334EF1 /* HelloWorld.app */;
			productType = "com.apple.product-type.application";
		};
/* End PBXNativeTarget section */

/* Begin PBXProject section */
		D1FCE7901627EA0000334EF1 /* Project object */ = {
			isa = PBXProject;
			attributes = {
				LastUpgradeCheck = 0450;
				ORGANIZATIONNAME = "Hideki Eguchi";
			};
			buildConfigurationList = D1FCE7931627EA0000334EF1 /* Build configuration list for PBXProject "HelloWorld" */;
			compatibilityVersion = "Xcode 3.2";
			developmentRegion = English;
			hasScannedForEncodings = 0;
			knownRegions = (
				en,
			);
			mainGroup = D1FCE78E1627EA0000334EF1;
			productRefGroup = D1FCE79A1627EA0000334EF1 /* Products */;
			projectDirPath = "";
			projectRoot = "";
			targets = (
				D1FCE7981627EA0000334EF1 /* HelloWorld */,
			);
		};
/* End PBXProject section */

/* Begin PBXResourcesBuildPhase section */
		D1FCE7971627EA0000334EF1 /* Resources */ = {
			isa = PBXResourcesBuildPhase;
			buildActionMask = 2147483647;
			files = (
				D1FCE7A81627EA0000334EF1 /* InfoPlist.strings in Resources */,
				D1FCE7B01627EA0000334EF1 /* Default.png in Resources */,
				D1FCE7B21627EA0000334EF1 /* Default@2x.png in Resources */,
				D1FCE7B41627EA0000334EF1 /* Default-568h@2x.png in Resources */,
			);
			runOnlyForDeploymentPostprocessing = 0;
		};
/* End PBXResourcesBuildPhase section */

/* Begin PBXSourcesBuildPhase section */
		D1FCE7951627EA0000334EF1 /* Sources */ = {
			isa = PBXSourcesBuildPhase;
			buildActionMask = 2147483647;
			files = (
				D1FCE7AA1627EA0000334EF1 /* main.m in Sources */,
				D1FCE7AE1627EA0000334EF1 /* AppDelegate.m in Sources */,
				D1FCE7C01627EAD100334EF1 /* RootViewController.m in Sources */,
			);
			runOnlyForDeploymentPostprocessing = 0;
		};
/* End PBXSourcesBuildPhase section */

/* Begin PBXVariantGroup section */
		D1FCE7A61627EA0000334EF1 /* InfoPlist.strings */ = {
			isa = PBXVariantGroup;
			children = (
				D1FCE7A71627EA0000334EF1 /* en */,
			);
			name = InfoPlist.strings;
			sourceTree = "<group>";
		};
/* End PBXVariantGroup section */

/* Begin XCBuildConfiguration section */
		D1FCE7B51627EA0000334EF1 /* Debug */ = {
			isa = XCBuildConfiguration;
			buildSettings = {
				ALWAYS_SEARCH_USER_PATHS = NO;
				CLANG_CXX_LANGUAGE_STANDARD = "gnu++0x";
				CLANG_CXX_LIBRARY = "libc++";
				CLANG_WARN_EMPTY_BODY = YES;
				CLANG_WARN__DUPLICATE_METHOD_MATCH = YES;
				"CODE_SIGN_IDENTITY[sdk=iphoneos*]" = "iPhone Developer";
				COPY_PHASE_STRIP = NO;
				GCC_C_LANGUAGE_STANDARD = gnu99;
				GCC_DYNAMIC_NO_PIC = NO;
				GCC_OPTIMIZATION_LEVEL = 0;
				GCC_PREPROCESSOR_DEFINITIONS = (
					"DEBUG=1",
					"$(inherited)",
				);
				GCC_SYMBOLS_PRIVATE_EXTERN = NO;
				GCC_WARN_ABOUT_RETURN_TYPE = YES;
				GCC_WARN_UNINITIALIZED_AUTOS = YES;
				GCC_WARN_UNUSED_VARIABLE = YES;
				IPHONEOS_DEPLOYMENT_TARGET = 6.0;
				SDKROOT = iphoneos;
				TARGETED_DEVICE_FAMILY = "1,2";
			};
			name = Debug;
		};
		D1FCE7B61627EA0000334EF1 /* Release */ = {
			isa = XCBuildConfiguration;
			buildSettings = {
				ALWAYS_SEARCH_USER_PATHS = NO;
				CLANG_CXX_LANGUAGE_STANDARD = "gnu++0x";
				CLANG_CXX_LIBRARY = "libc++";
				CLANG_WARN_EMPTY_BODY = YES;
				CLANG_WARN__DUPLICATE_METHOD_MATCH = YES;
				"CODE_SIGN_IDENTITY[sdk=iphoneos*]" = "iPhone Developer";
				COPY_PHASE_STRIP = YES;
				GCC_C_LANGUAGE_STANDARD = gnu99;
				GCC_WARN_ABOUT_RETURN_TYPE = YES;
				GCC_WARN_UNINITIALIZED_AUTOS = YES;
				GCC_WARN_UNUSED_VARIABLE = YES;
				IPHONEOS_DEPLOYMENT_TARGET = 6.0;
				OTHER_CFLAGS = "-DNS_BLOCK_ASSERTIONS=1";
				SDKROOT = iphoneos;
				TARGETED_DEVICE_FAMILY = "1,2";
				VALIDATE_PRODUCT = YES;
			};
			name = Release;
		};
		D1FCE7B81627EA0000334EF1 /* Debug */ = {
			isa = XCBuildConfiguration;
			buildSettings = {
				GCC_PRECOMPILE_PREFIX_HEADER = YES;
				GCC_PREFIX_HEADER = "HelloWorld/HelloWorld-Prefix.pch";
				INFOPLIST_FILE = "HelloWorld/HelloWorld-Info.plist";
				PRODUCT_NAME = "$(TARGET_NAME)";
				WRAPPER_EXTENSION = app;
			};
			name = Debug;
		};
		D1FCE7B91627EA0000334EF1 /* Release */ = {
			isa = XCBuildConfiguration;
			buildSettings = {
				GCC_PRECOMPILE_PREFIX_HEADER = YES;
				GCC_PREFIX_HEADER = "HelloWorld/HelloWorld-Prefix.pch";
				INFOPLIST_FILE = "HelloWorld/HelloWorld-Info.plist";
				PRODUCT_NAME = "$(TARGET_NAME)";
				WRAPPER_EXTENSION = app;
			};
			name = Release;
		};
/* End XCBuildConfiguration section */

/* Begin XCConfigurationList section */
		D1FCE7931627EA0000334EF1 /* Build configuration list for PBXProject "HelloWorld" */ = {
			isa = XCConfigurationList;
			buildConfigurations = (
				D1FCE7B51627EA0000334EF1 /* Debug */,
				D1FCE7B61627EA0000334EF1 /* Release */,
			);
			defaultConfigurationIsVisible = 0;
			defaultConfigurationName = Release;
		};
		D1FCE7B71627EA0000334EF1 /* Build configuration list for PBXNativeTarget "HelloWorld" */ = {
			isa = XCConfigurationList;
			buildConfigurations = (
				D1FCE7B81627EA0000334EF1 /* Debug */,
				D1FCE7B91627EA0000334EF1 /* Release */,
			);
			defaultConfigurationIsVisible = 0;
			defaultConfigurationName = Release;
		};
/* End XCConfigurationList section */
	};
	rootObject = D1FCE7901627EA0000334EF1 /* Project object */;
}
